
Microsoft Visual Studio Solution File, Format Version 12.00
# Visual Studio 15
VisualStudioVersion = 15.0.27428.2037
MinimumVisualStudioVersion = 10.0.40219.1
Project("{FAE04EC0-301F-11D3-BF4B-00C04F79EFBC}") = "Task1", "Task1\Task1.csproj", "{1803BF61-D500-4B9A-B8DA-D1B6EB98F3BA}"
EndProject
Project("{FAE04EC0-301F-11D3-BF4B-00C04F79EFBC}") = "UnitTestProject1", "UnitTestProject1\UnitTestProject1.csproj", "{D533BEA1-5263-4440-9080-52EDCA5F222A}"
EndProject
Global
	GlobalSection(SolutionConfigurationPlatforms) = preSolution
		Debug|Any CPU = Debug|Any CPU
		Release|Any CPU = Release|Any CPU
	EndGlobalSection
	GlobalSection(ProjectConfigurationPlatforms) = postSolution
		{1803BF61-D500-4B9A-B8DA-D1B6EB98F3BA}.Debug|Any CPU.ActiveCfg = Debug|Any CPU
		{1803BF61-D500-4B9A-B8DA-D1B6EB98F3BA}.Debug|Any CPU.Build.0 = Debug|Any CPU
		{1803BF61-D500-4B9A-B8DA-D1B6EB98F3BA}.Release|Any CPU.ActiveCfg = Release|Any CPU
		{1803BF61-D500-4B9A-B8DA-D1B6EB98F3BA}.Release|Any CPU.Build.0 = Release|Any CPU
		{D533BEA1-5263-4440-9080-52EDCA5F222A}.Debug|Any CPU.ActiveCfg = Debug|Any CPU
		{D533BEA1-5263-4440-9080-52EDCA5F222A}.Debug|Any CPU.Build.0 = Debug|Any CPU
		{D533BEA1-5263-4440-9080-52EDCA5F222A}.Release|Any CPU.ActiveCfg = Release|Any CPU
		{D533BEA1-5263-4440-9080-52EDCA5F222A}.Release|Any CPU.Build.0 = Release|Any CPU
	EndGlobalSection
	GlobalSection(SolutionProperties) = preSolution
		HideSolutionNode = FALSE
	EndGlobalSection
	GlobalSection(ExtensibilityGlobals) = postSolution
		SolutionGuid = {EA44CD70-DFD9-4317-A85B-F386695F8721}
	EndGlobalSection
EndGlobal
